
Microsoft Visual Studio Solution File, Format Version 12.00
# Visual Studio 15
VisualStudioVersion = 15.0.28306.52
MinimumVisualStudioVersion = 10.0.40219.1
Project("{FAE04EC0-301F-11D3-BF4B-00C04F79EFBC}") = "Simple.API", "Simple.API\Simple.API.csproj", "{F6594707-428F-4E1E-98CD-2A0982AF60C0}"
EndProject
Project("{FAE04EC0-301F-11D3-BF4B-00C04F79EFBC}") = "Simple.Test", "Simple.Test\Simple.Test.csproj", "{6374A090-A716-4009-B4D5-C94FFA164E61}"
EndProject
Global
	GlobalSection(SolutionConfigurationPlatforms) = preSolution
		Debug|Any CPU = Debug|Any CPU
		Release|Any CPU = Release|Any CPU
	EndGlobalSection
	GlobalSection(ProjectConfigurationPlatforms) = postSolution
		{F6594707-428F-4E1E-98CD-2A0982AF60C0}.Debug|Any CPU.ActiveCfg = Debug|Any CPU
		{F6594707-428F-4E1E-98CD-2A0982AF60C0}.Debug|Any CPU.Build.0 = Debug|Any CPU
		{F6594707-428F-4E1E-98CD-2A0982AF60C0}.Release|Any CPU.ActiveCfg = Release|Any CPU
		{F6594707-428F-4E1E-98CD-2A0982AF60C0}.Release|Any CPU.Build.0 = Release|Any CPU
		{6374A090-A716-4009-B4D5-C94FFA164E61}.Debug|Any CPU.ActiveCfg = Debug|Any CPU
		{6374A090-A716-4009-B4D5-C94FFA164E61}.Debug|Any CPU.Build.0 = Debug|Any CPU
		{6374A090-A716-4009-B4D5-C94FFA164E61}.Release|Any CPU.ActiveCfg = Release|Any CPU
		{6374A090-A716-4009-B4D5-C94FFA164E61}.Release|Any CPU.Build.0 = Release|Any CPU
	EndGlobalSection
	GlobalSection(SolutionProperties) = preSolution
		HideSolutionNode = FALSE
	EndGlobalSection
	GlobalSection(ExtensibilityGlobals) = postSolution
		SolutionGuid = {11B59950-4EF4-4976-BFC9-68F61148C6FC}
	EndGlobalSection
EndGlobal
